{
  "name": "entry",
  "version": "1.0.0",
  "lockfileVersion": 1,
  "requires": true,
  "dependencies": {
    "test_lib": {
      "version": "file:../test_lib",
      "dependencies": {
        "jquery": {
          "version": "3.6.0",
          "resolved": "https://repo.huaweicloud.com/repository/npm/jquery/-/jquery-3.6.0.tgz",
          "integrity": "sha512-JVzAR/AjBvVt2BmYhxRCSYysDsPcssdmTFnzyLEts9qNwmjmu4JTAMYubEfwVOSwpQ1I1sKKFcxhZCI2buerfw=="
        },
        "mobiscroll": {
          "version": "3.0.0-beta6",
          "resolved": "https://repo.huaweicloud.com/repository/npm/mobiscroll/-/mobiscroll-3.0.0-beta6.tgz",
          "integrity": "sha1-igkKzyPfG5d8Ci9pOseCOl2nIYI=",
          "requires": {
            "jquery": ">=1.7"
          }
        }
      }
    }
  }
}
